
Microsoft Visual Studio Solution File, Format Version 12.00
# Visual Studio Version 17
VisualStudioVersion = 17.8.34330.188
MinimumVisualStudioVersion = 10.0.40219.1
Project("{FAE04EC0-301F-11D3-BF4B-00C04F79EFBC}") = "audio_net", "audio_net.csproj", "{45B14679-B3FB-4785-9E64-27FF3F6F0EEF}"
EndProject
Global
	GlobalSection(SolutionConfigurationPlatforms) = preSolution
		Debug|Any CPU = Debug|Any CPU
		Release|Any CPU = Release|Any CPU
	EndGlobalSection
	GlobalSection(ProjectConfigurationPlatforms) = postSolution
		{45B14679-B3FB-4785-9E64-27FF3F6F0EEF}.Debug|Any CPU.ActiveCfg = Debug|Any CPU
		{45B14679-B3FB-4785-9E64-27FF3F6F0EEF}.Debug|Any CPU.Build.0 = Debug|Any CPU
		{45B14679-B3FB-4785-9E64-27FF3F6F0EEF}.Release|Any CPU.ActiveCfg = Release|Any CPU
		{45B14679-B3FB-4785-9E64-27FF3F6F0EEF}.Release|Any CPU.Build.0 = Release|Any CPU
	EndGlobalSection
	GlobalSection(SolutionProperties) = preSolution
		HideSolutionNode = FALSE
	EndGlobalSection
	GlobalSection(ExtensibilityGlobals) = postSolution
		SolutionGuid = {B6FA8318-51CC-41FE-A685-A010ADE8A798}
	EndGlobalSection
EndGlobal
